
Microsoft Visual Studio Solution File, Format Version 12.00
# Visual Studio Version 16
VisualStudioVersion = 16.0.30523.141
MinimumVisualStudioVersion = 15.0.26124.0
Project("{9A19103F-16F7-4668-BE54-9A1E7A4F7556}") = "BillOfMaterials.WebApi", "BillOfMaterials.WebApi\BillOfMaterials.WebApi.csproj", "{702A6062-8451-4938-90F2-F89F1BE9A59D}"
EndProject
Project("{9A19103F-16F7-4668-BE54-9A1E7A4F7556}") = "BillOfMaterials.Core", "BillOfMaterials.Core\BillOfMaterials.Core.csproj", "{CE3F6860-6C6E-4192-936E-72B183FE1B13}"
EndProject
Project("{9A19103F-16F7-4668-BE54-9A1E7A4F7556}") = "BillOfMaterials.DataAccess", "BillOfMaterials.DataAccess\BillOfMaterials.DataAccess.csproj", "{F98994E5-B06B-490E-81E7-D9205A86C3C7}"
EndProject
Project("{9A19103F-16F7-4668-BE54-9A1E7A4F7556}") = "BillOfMaterials.Business", "BillOfMaterials.Business\BillOfMaterials.Business.csproj", "{A50B48D1-4EBC-4CDC-B767-566927A2E8E7}"
EndProject
Project("{FAE04EC0-301F-11D3-BF4B-00C04F79EFBC}") = "BillOfMaterials.Web", "BillOfMaterials.Web\BillOfMaterials.Web.csproj", "{5CB7A932-FD66-4DCF-8E0C-4824754A390D}"
EndProject
Global
	GlobalSection(SolutionConfigurationPlatforms) = preSolution
		Debug|Any CPU = Debug|Any CPU
		Debug|x64 = Debug|x64
		Debug|x86 = Debug|x86
		Release|Any CPU = Release|Any CPU
		Release|x64 = Release|x64
		Release|x86 = Release|x86
	EndGlobalSection
	GlobalSection(ProjectConfigurationPlatforms) = postSolution
		{702A6062-8451-4938-90F2-F89F1BE9A59D}.Debug|Any CPU.ActiveCfg = Debug|Any CPU
		{702A6062-8451-4938-90F2-F89F1BE9A59D}.Debug|Any CPU.Build.0 = Debug|Any CPU
		{702A6062-8451-4938-90F2-F89F1BE9A59D}.Debug|x64.ActiveCfg = Debug|Any CPU
		{702A6062-8451-4938-90F2-F89F1BE9A59D}.Debug|x64.Build.0 = Debug|Any CPU
		{702A6062-8451-4938-90F2-F89F1BE9A59D}.Debug|x86.ActiveCfg = Debug|Any CPU
		{702A6062-8451-4938-90F2-F89F1BE9A59D}.Debug|x86.Build.0 = Debug|Any CPU
		{702A6062-8451-4938-90F2-F89F1BE9A59D}.Release|Any CPU.ActiveCfg = Release|Any CPU
		{702A6062-8451-4938-90F2-F89F1BE9A59D}.Release|Any CPU.Build.0 = Release|Any CPU
		{702A6062-8451-4938-90F2-F89F1BE9A59D}.Release|x64.ActiveCfg = Release|Any CPU
		{702A6062-8451-4938-90F2-F89F1BE9A59D}.Release|x64.Build.0 = Release|Any CPU
		{702A6062-8451-4938-90F2-F89F1BE9A59D}.Release|x86.ActiveCfg = Release|Any CPU
		{702A6062-8451-4938-90F2-F89F1BE9A59D}.Release|x86.Build.0 = Release|Any CPU
		{CE3F6860-6C6E-4192-936E-72B183FE1B13}.Debug|Any CPU.ActiveCfg = Debug|Any CPU
		{CE3F6860-6C6E-4192-936E-72B183FE1B13}.Debug|Any CPU.Build.0 = Debug|Any CPU
		{CE3F6860-6C6E-4192-936E-72B183FE1B13}.Debug|x64.ActiveCfg = Debug|Any CPU
		{CE3F6860-6C6E-4192-936E-72B183FE1B13}.Debug|x64.Build.0 = Debug|Any CPU
		{CE3F6860-6C6E-4192-936E-72B183FE1B13}.Debug|x86.ActiveCfg = Debug|Any CPU
		{CE3F6860-6C6E-4192-936E-72B183FE1B13}.Debug|x86.Build.0 = Debug|Any CPU
		{CE3F6860-6C6E-4192-936E-72B183FE1B13}.Release|Any CPU.ActiveCfg = Release|Any CPU
		{CE3F6860-6C6E-4192-936E-72B183FE1B13}.Release|Any CPU.Build.0 = Release|Any CPU
		{CE3F6860-6C6E-4192-936E-72B183FE1B13}.Release|x64.ActiveCfg = Release|Any CPU
		{CE3F6860-6C6E-4192-936E-72B183FE1B13}.Release|x64.Build.0 = Release|Any CPU
		{CE3F6860-6C6E-4192-936E-72B183FE1B13}.Release|x86.ActiveCfg = Release|Any CPU
		{CE3F6860-6C6E-4192-936E-72B183FE1B13}.Release|x86.Build.0 = Release|Any CPU
		{F98994E5-B06B-490E-81E7-D9205A86C3C7}.Debug|Any CPU.ActiveCfg = Debug|Any CPU
		{F98994E5-B06B-490E-81E7-D9205A86C3C7}.Debug|Any CPU.Build.0 = Debug|Any CPU
		{F98994E5-B06B-490E-81E7-D9205A86C3C7}.Debug|x64.ActiveCfg = Debug|Any CPU
		{F98994E5-B06B-490E-81E7-D9205A86C3C7}.Debug|x64.Build.0 = Debug|Any CPU
		{F98994E5-B06B-490E-81E7-D9205A86C3C7}.Debug|x86.ActiveCfg = Debug|Any CPU
		{F98994E5-B06B-490E-81E7-D9205A86C3C7}.Debug|x86.Build.0 = Debug|Any CPU
		{F98994E5-B06B-490E-81E7-D9205A86C3C7}.Release|Any CPU.ActiveCfg = Release|Any CPU
		{F98994E5-B06B-490E-81E7-D9205A86C3C7}.Release|Any CPU.Build.0 = Release|Any CPU
		{F98994E5-B06B-490E-81E7-D9205A86C3C7}.Release|x64.ActiveCfg = Release|Any CPU
		{F98994E5-B06B-490E-81E7-D9205A86C3C7}.Release|x64.Build.0 = Release|Any CPU
		{F98994E5-B06B-490E-81E7-D9205A86C3C7}.Release|x86.ActiveCfg = Release|Any CPU
		{F98994E5-B06B-490E-81E7-D9205A86C3C7}.Release|x86.Build.0 = Release|Any CPU
		{A50B48D1-4EBC-4CDC-B767-566927A2E8E7}.Debug|Any CPU.ActiveCfg = Debug|Any CPU
		{A50B48D1-4EBC-4CDC-B767-566927A2E8E7}.Debug|Any CPU.Build.0 = Debug|Any CPU
		{A50B48D1-4EBC-4CDC-B767-566927A2E8E7}.Debug|x64.ActiveCfg = Debug|Any CPU
		{A50B48D1-4EBC-4CDC-B767-566927A2E8E7}.Debug|x64.Build.0 = Debug|Any CPU
		{A50B48D1-4EBC-4CDC-B767-566927A2E8E7}.Debug|x86.ActiveCfg = Debug|Any CPU
		{A50B48D1-4EBC-4CDC-B767-566927A2E8E7}.Debug|x86.Build.0 = Debug|Any CPU
		{A50B48D1-4EBC-4CDC-B767-566927A2E8E7}.Release|Any CPU.ActiveCfg = Release|Any CPU
		{A50B48D1-4EBC-4CDC-B767-566927A2E8E7}.Release|Any CPU.Build.0 = Release|Any CPU
		{A50B48D1-4EBC-4CDC-B767-566927A2E8E7}.Release|x64.ActiveCfg = Release|Any CPU
		{A50B48D1-4EBC-4CDC-B767-566927A2E8E7}.Release|x64.Build.0 = Release|Any CPU
		{A50B48D1-4EBC-4CDC-B767-566927A2E8E7}.Release|x86.ActiveCfg = Release|Any CPU
		{A50B48D1-4EBC-4CDC-B767-566927A2E8E7}.Release|x86.Build.0 = Release|Any CPU
		{5CB7A932-FD66-4DCF-8E0C-4824754A390D}.Debug|Any CPU.ActiveCfg = Debug|Any CPU
		{5CB7A932-FD66-4DCF-8E0C-4824754A390D}.Debug|Any CPU.Build.0 = Debug|Any CPU
		{5CB7A932-FD66-4DCF-8E0C-4824754A390D}.Debug|x64.ActiveCfg = Debug|Any CPU
		{5CB7A932-FD66-4DCF-8E0C-4824754A390D}.Debug|x64.Build.0 = Debug|Any CPU
		{5CB7A932-FD66-4DCF-8E0C-4824754A390D}.Debug|x86.ActiveCfg = Debug|Any CPU
		{5CB7A932-FD66-4DCF-8E0C-4824754A390D}.Debug|x86.Build.0 = Debug|Any CPU
		{5CB7A932-FD66-4DCF-8E0C-4824754A390D}.Release|Any CPU.ActiveCfg = Release|Any CPU
		{5CB7A932-FD66-4DCF-8E0C-4824754A390D}.Release|Any CPU.Build.0 = Release|Any CPU
		{5CB7A932-FD66-4DCF-8E0C-4824754A390D}.Release|x64.ActiveCfg = Release|Any CPU
		{5CB7A932-FD66-4DCF-8E0C-4824754A390D}.Release|x64.Build.0 = Release|Any CPU
		{5CB7A932-FD66-4DCF-8E0C-4824754A390D}.Release|x86.ActiveCfg = Release|Any CPU
		{5CB7A932-FD66-4DCF-8E0C-4824754A390D}.Release|x86.Build.0 = Release|Any CPU
	EndGlobalSection
	GlobalSection(SolutionProperties) = preSolution
		HideSolutionNode = FALSE
	EndGlobalSection
	GlobalSection(ExtensibilityGlobals) = postSolution
		SolutionGuid = {2E1790CD-DE7B-49AA-A202-DDC5E120B001}
	EndGlobalSection
EndGlobal
